
Microsoft Visual Studio Solution File, Format Version 12.00
# Visual Studio Version 16
VisualStudioVersion = 16.0.31112.23
MinimumVisualStudioVersion = 10.0.40219.1
Project("{FAE04EC0-301F-11D3-BF4B-00C04F79EFBC}") = "RESTEnvironmentVariablesCD", "RESTEnvironmentVariablesCD\RESTEnvironmentVariablesCD.csproj", "{5E0892BB-03A5-42EB-A7C5-4C06EF9B1B75}"
EndProject
Project("{FAE04EC0-301F-11D3-BF4B-00C04F79EFBC}") = "RESTEnvironmentVariablesCDTests", "RESTEnvironmentVariablesCDTests\RESTEnvironmentVariablesCDTests.csproj", "{F9988B5A-0462-4982-BF8D-750F63F00632}"
EndProject
Global
	GlobalSection(SolutionConfigurationPlatforms) = preSolution
		Debug|Any CPU = Debug|Any CPU
		Release|Any CPU = Release|Any CPU
	EndGlobalSection
	GlobalSection(ProjectConfigurationPlatforms) = postSolution
		{5E0892BB-03A5-42EB-A7C5-4C06EF9B1B75}.Debug|Any CPU.ActiveCfg = Debug|Any CPU
		{5E0892BB-03A5-42EB-A7C5-4C06EF9B1B75}.Debug|Any CPU.Build.0 = Debug|Any CPU
		{5E0892BB-03A5-42EB-A7C5-4C06EF9B1B75}.Release|Any CPU.ActiveCfg = Release|Any CPU
		{5E0892BB-03A5-42EB-A7C5-4C06EF9B1B75}.Release|Any CPU.Build.0 = Release|Any CPU
		{F9988B5A-0462-4982-BF8D-750F63F00632}.Debug|Any CPU.ActiveCfg = Debug|Any CPU
		{F9988B5A-0462-4982-BF8D-750F63F00632}.Debug|Any CPU.Build.0 = Debug|Any CPU
		{F9988B5A-0462-4982-BF8D-750F63F00632}.Release|Any CPU.ActiveCfg = Release|Any CPU
		{F9988B5A-0462-4982-BF8D-750F63F00632}.Release|Any CPU.Build.0 = Release|Any CPU
	EndGlobalSection
	GlobalSection(SolutionProperties) = preSolution
		HideSolutionNode = FALSE
	EndGlobalSection
	GlobalSection(ExtensibilityGlobals) = postSolution
		SolutionGuid = {375BC9F9-CC88-4707-98BF-CAB1444BB557}
	EndGlobalSection
EndGlobal
